// !$*UTF8*$!
{
	archiveVersion = 1;
	classes = {
	};
	objectVersion = 52;
	objects = {

/* Begin PBXBuildFile section */
		0507EB6824E272E70000BFA0 /* KingfisherSwiftUI in Frameworks */ = {isa = PBXBuildFile; productRef = 0507EB6724E272E70000BFA0 /* KingfisherSwiftUI */; };
		0507EB6924E273670000BFA0 /* HTApp.swift in Sources */ = {isa = PBXBuildFile; fileRef = 055BBF3724A1D861003DD601 /* HTApp.swift */; };
		0507EB7024E273EE0000BFA0 /* watchOS WatchKit App.app in Embed Watch Content */ = {isa = PBXBuildFile; fileRef = 0507EB6F24E273EE0000BFA0 /* watchOS WatchKit App.app */; settings = {ATTRIBUTES = (RemoveHeadersOnCopy, ); }; };
		0507EB7624E273EE0000BFA0 /* Interface.storyboard in Resources */ = {isa = PBXBuildFile; fileRef = 0507EB7424E273EE0000BFA0 /* Interface.storyboard */; };
		0507EB7824E273EF0000BFA0 /* Assets.xcassets in Resources */ = {isa = PBXBuildFile; fileRef = 0507EB7724E273EF0000BFA0 /* Assets.xcassets */; };
		0507EB7F24E273F00000BFA0 /* watchOS WatchKit Extension.appex in Embed App Extensions */ = {isa = PBXBuildFile; fileRef = 0507EB7E24E273F00000BFA0 /* watchOS WatchKit Extension.appex */; settings = {ATTRIBUTES = (RemoveHeadersOnCopy, ); }; };
		0507EB8424E273F00000BFA0 /* HostingController.swift in Sources */ = {isa = PBXBuildFile; fileRef = 0507EB8324E273F00000BFA0 /* HostingController.swift */; };
		0507EB8624E273F00000BFA0 /* ContentView.swift in Sources */ = {isa = PBXBuildFile; fileRef = 0507EB8524E273F00000BFA0 /* ContentView.swift */; };
		0507EB8824E273F00000BFA0 /* ExtensionDelegate.swift in Sources */ = {isa = PBXBuildFile; fileRef = 0507EB8724E273F00000BFA0 /* ExtensionDelegate.swift */; };
		0507EB8A24E273F00000BFA0 /* NotificationController.swift in Sources */ = {isa = PBXBuildFile; fileRef = 0507EB8924E273F00000BFA0 /* NotificationController.swift */; };
		0507EB8C24E273F00000BFA0 /* NotificationView.swift in Sources */ = {isa = PBXBuildFile; fileRef = 0507EB8B24E273F00000BFA0 /* NotificationView.swift */; };
		0507EB8E24E273F00000BFA0 /* ComplicationController.swift in Sources */ = {isa = PBXBuildFile; fileRef = 0507EB8D24E273F00000BFA0 /* ComplicationController.swift */; };
		0507EB9024E273F10000BFA0 /* Assets.xcassets in Resources */ = {isa = PBXBuildFile; fileRef = 0507EB8F24E273F10000BFA0 /* Assets.xcassets */; };
		0507EB9324E273F10000BFA0 /* Preview Assets.xcassets in Resources */ = {isa = PBXBuildFile; fileRef = 0507EB9224E273F10000BFA0 /* Preview Assets.xcassets */; };
		0509E2DA24AC6BE300B05842 /* HTCoreDataManager.swift in Sources */ = {isa = PBXBuildFile; fileRef = 0509E2D924AC6BE300B05842 /* HTCoreDataManager.swift */; };
		0509E2E324AC886C00B05842 /* HTDateTool.swift in Sources */ = {isa = PBXBuildFile; fileRef = 0509E2E224AC886C00B05842 /* HTDateTool.swift */; };
		05145FE324AB63D0006A0EFA /* HTEvent.swift in Sources */ = {isa = PBXBuildFile; fileRef = 05145FE224AB63D0006A0EFA /* HTEvent.swift */; };
		0526276024C5BAE900EFE562 /* HTEventViewModel.swift in Sources */ = {isa = PBXBuildFile; fileRef = 0526275F24C5BAE900EFE562 /* HTEventViewModel.swift */; };
		052E1BA624C9333500B55B5D /* HTUIExtension.swift in Sources */ = {isa = PBXBuildFile; fileRef = 052E1BA524C9333500B55B5D /* HTUIExtension.swift */; };
		055BBF6024A1D862003DD601 /* HTApp.swift in Sources */ = {isa = PBXBuildFile; fileRef = 055BBF3724A1D861003DD601 /* HTApp.swift */; };
		055BBF6424A1D862003DD601 /* Assets.xcassets in Resources */ = {isa = PBXBuildFile; fileRef = 055BBF3924A1D862003DD601 /* Assets.xcassets */; };
		055BBF6524A1D862003DD601 /* Assets.xcassets in Resources */ = {isa = PBXBuildFile; fileRef = 055BBF3924A1D862003DD601 /* Assets.xcassets */; };
		05A247C924D8FFA800352541 /* HTEventTest.json in Resources */ = {isa = PBXBuildFile; fileRef = 05A247C824D8FFA800352541 /* HTEventTest.json */; };
		05A247CA24D8FFA800352541 /* HTEventTest.json in Resources */ = {isa = PBXBuildFile; fileRef = 05A247C824D8FFA800352541 /* HTEventTest.json */; };
		05AA3BAD24C82DDE00B71ED3 /* SwiftyJSON in Frameworks */ = {isa = PBXBuildFile; productRef = 05AA3BAC24C82DDE00B71ED3 /* SwiftyJSON */; };
		05B7226724EA6D410091D9E9 /* HTFPSLabel.swift in Sources */ = {isa = PBXBuildFile; fileRef = 05B7226624EA6D410091D9E9 /* HTFPSLabel.swift */; };
		05B7227124EAA8050091D9E9 /* HTStatusView.swift in Sources */ = {isa = PBXBuildFile; fileRef = 05B7227024EAA8050091D9E9 /* HTStatusView.swift */; };
		05B8893424C072EF000ABA7C /* HTEventReqService.swift in Sources */ = {isa = PBXBuildFile; fileRef = 05B8893324C072EF000ABA7C /* HTEventReqService.swift */; };
		05DE071E24D93FAD00F45AE8 /* HTHyperLinkText.swift in Sources */ = {isa = PBXBuildFile; fileRef = 05DE071D24D93FAD00F45AE8 /* HTHyperLinkText.swift */; };
		05E1CF6324E050D900081C83 /* FZKaiTi.ttf in Resources */ = {isa = PBXBuildFile; fileRef = 05E1CF6224E050D900081C83 /* FZKaiTi.ttf */; };
		05EA09B524DD4D1F002CDB34 /* HTCardView.swift in Sources */ = {isa = PBXBuildFile; fileRef = 05EA09B224DD4D1F002CDB34 /* HTCardView.swift */; };
		05EA09B724DD4D1F002CDB34 /* HTCardListView.swift in Sources */ = {isa = PBXBuildFile; fileRef = 05EA09B324DD4D1F002CDB34 /* HTCardListView.swift */; };
		05EA09B924DD4D1F002CDB34 /* HTMainView.swift in Sources */ = {isa = PBXBuildFile; fileRef = 05EA09B424DD4D1F002CDB34 /* HTMainView.swift */; };
		05EA09BC24DD4E56002CDB34 /* HTWKWebView.swift in Sources */ = {isa = PBXBuildFile; fileRef = 05EA09BB24DD4E56002CDB34 /* HTWKWebView.swift */; };
		05EA09BF24DD6AA5002CDB34 /* HTStringTool.swift in Sources */ = {isa = PBXBuildFile; fileRef = 05EA09BE24DD6AA5002CDB34 /* HTStringTool.swift */; };
		05FC772224AD8FA900F68588 /* HTEventsModel.xcdatamodeld in Sources */ = {isa = PBXBuildFile; fileRef = 05FC772024AD8FA900F68588 /* HTEventsModel.xcdatamodeld */; };
		05FC774B24AE03ED00F68588 /* SwiftyJSON in Frameworks */ = {isa = PBXBuildFile; productRef = 05FC774A24AE03ED00F68588 /* SwiftyJSON */; };
		05FC774E24AE04F300F68588 /* KingfisherSwiftUI in Frameworks */ = {isa = PBXBuildFile; productRef = 05FC774D24AE04F300F68588 /* KingfisherSwiftUI */; };
/* End PBXBuildFile section */

/* Begin PBXContainerItemProxy section */
		0507EB7124E273EE0000BFA0 /* PBXContainerItemProxy */ = {
			isa = PBXContainerItemProxy;
			containerPortal = 055BBF3224A1D861003DD601 /* Project object */;
			proxyType = 1;
			remoteGlobalIDString = 0507EB6E24E273EE0000BFA0;
			remoteInfo = "watchOS WatchKit App";
		};
		0507EB8024E273F00000BFA0 /* PBXContainerItemProxy */ = {
			isa = PBXContainerItemProxy;
			containerPortal = 055BBF3224A1D861003DD601 /* Project object */;
			proxyType = 1;
			remoteGlobalIDString = 0507EB7D24E273F00000BFA0;
			remoteInfo = "watchOS WatchKit Extension";
		};
/* End PBXContainerItemProxy section */

/* Begin PBXCopyFilesBuildPhase section */
		0507EB9924E273F10000BFA0 /* Embed App Extensions */ = {
			isa = PBXCopyFilesBuildPhase;
			buildActionMask = 2147483647;
			dstPath = "";
			dstSubfolderSpec = 13;
			files = (
				0507EB7F24E273F00000BFA0 /* watchOS WatchKit Extension.appex in Embed App Extensions */,
			);
			name = "Embed App Extensions";
			runOnlyForDeploymentPostprocessing = 0;
		};
		0507EB9D24E273F10000BFA0 /* Embed Watch Content */ = {
			isa = PBXCopyFilesBuildPhase;
			buildActionMask = 2147483647;
			dstPath = "$(CONTENTS_FOLDER_PATH)/Watch";
			dstSubfolderSpec = 16;
			files = (
				0507EB7024E273EE0000BFA0 /* watchOS WatchKit App.app in Embed Watch Content */,
			);
			name = "Embed Watch Content";
			runOnlyForDeploymentPostprocessing = 0;
		};
/* End PBXCopyFilesBuildPhase section */

/* Begin PBXFileReference section */
		0507EB6C24E273EE0000BFA0 /* watchOS.app */ = {isa = PBXFileReference; explicitFileType = wrapper.application; includeInIndex = 0; path = watchOS.app; sourceTree = BUILT_PRODUCTS_DIR; };
		0507EB6F24E273EE0000BFA0 /* watchOS WatchKit App.app */ = {isa = PBXFileReference; explicitFileType = wrapper.application; includeInIndex = 0; path = "watchOS WatchKit App.app"; sourceTree = BUILT_PRODUCTS_DIR; };
		0507EB7524E273EE0000BFA0 /* Base */ = {isa = PBXFileReference; lastKnownFileType = file.storyboard; name = Base; path = Base.lproj/Interface.storyboard; sourceTree = "<group>"; };
		0507EB7724E273EF0000BFA0 /* Assets.xcassets */ = {isa = PBXFileReference; lastKnownFileType = folder.assetcatalog; path = Assets.xcassets; sourceTree = "<group>"; };
		0507EB7924E273EF0000BFA0 /* Info.plist */ = {isa = PBXFileReference; lastKnownFileType = text.plist.xml; path = Info.plist; sourceTree = "<group>"; };
		0507EB7E24E273F00000BFA0 /* watchOS WatchKit Extension.appex */ = {isa = PBXFileReference; explicitFileType = "wrapper.app-extension"; includeInIndex = 0; path = "watchOS WatchKit Extension.appex"; sourceTree = BUILT_PRODUCTS_DIR; };
		0507EB8324E273F00000BFA0 /* HostingController.swift */ = {isa = PBXFileReference; lastKnownFileType = sourcecode.swift; path = HostingController.swift; sourceTree = "<group>"; };
		0507EB8524E273F00000BFA0 /* ContentView.swift */ = {isa = PBXFileReference; lastKnownFileType = sourcecode.swift; path = ContentView.swift; sourceTree = "<group>"; };
		0507EB8724E273F00000BFA0 /* ExtensionDelegate.swift */ = {isa = PBXFileReference; lastKnownFileType = sourcecode.swift; path = ExtensionDelegate.swift; sourceTree = "<group>"; };
		0507EB8924E273F00000BFA0 /* NotificationController.swift */ = {isa = PBXFileReference; lastKnownFileType = sourcecode.swift; path = NotificationController.swift; sourceTree = "<group>"; };
		0507EB8B24E273F00000BFA0 /* NotificationView.swift */ = {isa = PBXFileReference; lastKnownFileType = sourcecode.swift; path = NotificationView.swift; sourceTree = "<group>"; };
		0507EB8D24E273F00000BFA0 /* ComplicationController.swift */ = {isa = PBXFileReference; lastKnownFileType = sourcecode.swift; path = ComplicationController.swift; sourceTree = "<group>"; };
		0507EB8F24E273F10000BFA0 /* Assets.xcassets */ = {isa = PBXFileReference; lastKnownFileType = folder.assetcatalog; path = Assets.xcassets; sourceTree = "<group>"; };
		0507EB9224E273F10000BFA0 /* Preview Assets.xcassets */ = {isa = PBXFileReference; lastKnownFileType = folder.assetcatalog; path = "Preview Assets.xcassets"; sourceTree = "<group>"; };
		0507EB9424E273F10000BFA0 /* Info.plist */ = {isa = PBXFileReference; lastKnownFileType = text.plist.xml; path = Info.plist; sourceTree = "<group>"; };
		0507EB9524E273F10000BFA0 /* PushNotificationPayload.apns */ = {isa = PBXFileReference; lastKnownFileType = text; path = PushNotificationPayload.apns; sourceTree = "<group>"; };
		0509E2D924AC6BE300B05842 /* HTCoreDataManager.swift */ = {isa = PBXFileReference; lastKnownFileType = sourcecode.swift; path = HTCoreDataManager.swift; sourceTree = "<group>"; };
		0509E2E224AC886C00B05842 /* HTDateTool.swift */ = {isa = PBXFileReference; lastKnownFileType = sourcecode.swift; path = HTDateTool.swift; sourceTree = "<group>"; };
		05145FE224AB63D0006A0EFA /* HTEvent.swift */ = {isa = PBXFileReference; lastKnownFileType = sourcecode.swift; path = HTEvent.swift; sourceTree = "<group>"; };
		0526275F24C5BAE900EFE562 /* HTEventViewModel.swift */ = {isa = PBXFileReference; lastKnownFileType = sourcecode.swift; path = HTEventViewModel.swift; sourceTree = "<group>"; };
		052E1BA524C9333500B55B5D /* HTUIExtension.swift */ = {isa = PBXFileReference; fileEncoding = 4; lastKnownFileType = sourcecode.swift; path = HTUIExtension.swift; sourceTree = "<group>"; };
		055BBF3724A1D861003DD601 /* HTApp.swift */ = {isa = PBXFileReference; lastKnownFileType = sourcecode.swift; path = HTApp.swift; sourceTree = "<group>"; };
		055BBF3924A1D862003DD601 /* Assets.xcassets */ = {isa = PBXFileReference; lastKnownFileType = folder.assetcatalog; path = Assets.xcassets; sourceTree = "<group>"; };
		055BBF3E24A1D862003DD601 /* HistoryToday.app */ = {isa = PBXFileReference; explicitFileType = wrapper.application; includeInIndex = 0; path = HistoryToday.app; sourceTree = BUILT_PRODUCTS_DIR; };
		055BBF4124A1D862003DD601 /* Info.plist */ = {isa = PBXFileReference; lastKnownFileType = text.plist.xml; path = Info.plist; sourceTree = "<group>"; };
		055BBF4624A1D862003DD601 /* HistoryToday.app */ = {isa = PBXFileReference; explicitFileType = wrapper.application; includeInIndex = 0; path = HistoryToday.app; sourceTree = BUILT_PRODUCTS_DIR; };
		055BBF4824A1D862003DD601 /* Info.plist */ = {isa = PBXFileReference; lastKnownFileType = text.plist.xml; path = Info.plist; sourceTree = "<group>"; };
		055BBF4924A1D862003DD601 /* macOS.entitlements */ = {isa = PBXFileReference; lastKnownFileType = text.plist.entitlements; path = macOS.entitlements; sourceTree = "<group>"; };
		05A247C824D8FFA800352541 /* HTEventTest.json */ = {isa = PBXFileReference; fileEncoding = 4; lastKnownFileType = text.json; path = HTEventTest.json; sourceTree = "<group>"; };
		05B7226624EA6D410091D9E9 /* HTFPSLabel.swift */ = {isa = PBXFileReference; fileEncoding = 4; lastKnownFileType = sourcecode.swift; path = HTFPSLabel.swift; sourceTree = "<group>"; };
		05B7227024EAA8050091D9E9 /* HTStatusView.swift */ = {isa = PBXFileReference; lastKnownFileType = sourcecode.swift; path = HTStatusView.swift; sourceTree = "<group>"; };
		05B8893324C072EF000ABA7C /* HTEventReqService.swift */ = {isa = PBXFileReference; lastKnownFileType = sourcecode.swift; path = HTEventReqService.swift; sourceTree = "<group>"; };
		05DE071D24D93FAD00F45AE8 /* HTHyperLinkText.swift */ = {isa = PBXFileReference; fileEncoding = 4; lastKnownFileType = sourcecode.swift; path = HTHyperLinkText.swift; sourceTree = "<group>"; };
		05E1CF6224E050D900081C83 /* FZKaiTi.ttf */ = {isa = PBXFileReference; lastKnownFileType = file; path = FZKaiTi.ttf; sourceTree = "<group>"; };
		05EA09B224DD4D1F002CDB34 /* HTCardView.swift */ = {isa = PBXFileReference; fileEncoding = 4; lastKnownFileType = sourcecode.swift; path = HTCardView.swift; sourceTree = "<group>"; };
		05EA09B324DD4D1F002CDB34 /* HTCardListView.swift */ = {isa = PBXFileReference; fileEncoding = 4; lastKnownFileType = sourcecode.swift; path = HTCardListView.swift; sourceTree = "<group>"; };
		05EA09B424DD4D1F002CDB34 /* HTMainView.swift */ = {isa = PBXFileReference; fileEncoding = 4; lastKnownFileType = sourcecode.swift; path = HTMainView.swift; sourceTree = "<group>"; };
		05EA09BB24DD4E56002CDB34 /* HTWKWebView.swift */ = {isa = PBXFileReference; lastKnownFileType = sourcecode.swift; path = HTWKWebView.swift; sourceTree = "<group>"; };
		05EA09BE24DD6AA5002CDB34 /* HTStringTool.swift */ = {isa = PBXFileReference; lastKnownFileType = sourcecode.swift; path = HTStringTool.swift; sourceTree = "<group>"; };
		05FC772124AD8FA900F68588 /* HTEventsModel.xcdatamodel */ = {isa = PBXFileReference; lastKnownFileType = wrapper.xcdatamodel; path = HTEventsModel.xcdatamodel; sourceTree = "<group>"; };
/* End PBXFileReference section */

/* Begin PBXFrameworksBuildPhase section */
		0507EB7B24E273F00000BFA0 /* Frameworks */ = {
			isa = PBXFrameworksBuildPhase;
			buildActionMask = 2147483647;
			files = (
			);
			runOnlyForDeploymentPostprocessing = 0;
		};
		055BBF3B24A1D862003DD601 /* Frameworks */ = {
			isa = PBXFrameworksBuildPhase;
			buildActionMask = 2147483647;
			files = (
				05FC774E24AE04F300F68588 /* KingfisherSwiftUI in Frameworks */,
				05FC774B24AE03ED00F68588 /* SwiftyJSON in Frameworks */,
			);
			runOnlyForDeploymentPostprocessing = 0;
		};
		055BBF4324A1D862003DD601 /* Frameworks */ = {
			isa = PBXFrameworksBuildPhase;
			buildActionMask = 2147483647;
			files = (
				0507EB6824E272E70000BFA0 /* KingfisherSwiftUI in Frameworks */,
				05AA3BAD24C82DDE00B71ED3 /* SwiftyJSON in Frameworks */,
			);
			runOnlyForDeploymentPostprocessing = 0;
		};
/* End PBXFrameworksBuildPhase section */

/* Begin PBXGroup section */
		0505437224D422FE001BEBFC /* ViewWrappers */ = {
			isa = PBXGroup;
			children = (
				05DE071D24D93FAD00F45AE8 /* HTHyperLinkText.swift */,
				05EA09BB24DD4E56002CDB34 /* HTWKWebView.swift */,
			);
			path = ViewWrappers;
			sourceTree = "<group>";
		};
		0507EB7324E273EE0000BFA0 /* watchOS WatchKit App */ = {
			isa = PBXGroup;
			children = (
				0507EB7424E273EE0000BFA0 /* Interface.storyboard */,
				0507EB7724E273EF0000BFA0 /* Assets.xcassets */,
				0507EB7924E273EF0000BFA0 /* Info.plist */,
			);
			path = "watchOS WatchKit App";
			sourceTree = "<group>";
		};
		0507EB8224E273F00000BFA0 /* watchOS WatchKit Extension */ = {
			isa = PBXGroup;
			children = (
				0507EB8324E273F00000BFA0 /* HostingController.swift */,
				0507EB8524E273F00000BFA0 /* ContentView.swift */,
				0507EB8724E273F00000BFA0 /* ExtensionDelegate.swift */,
				0507EB8924E273F00000BFA0 /* NotificationController.swift */,
				0507EB8B24E273F00000BFA0 /* NotificationView.swift */,
				0507EB8D24E273F00000BFA0 /* ComplicationController.swift */,
				0507EB8F24E273F10000BFA0 /* Assets.xcassets */,
				0507EB9424E273F10000BFA0 /* Info.plist */,
				0507EB9524E273F10000BFA0 /* PushNotificationPayload.apns */,
				0507EB9124E273F10000BFA0 /* Preview Content */,
			);
			path = "watchOS WatchKit Extension";
			sourceTree = "<group>";
		};
		0507EB9124E273F10000BFA0 /* Preview Content */ = {
			isa = PBXGroup;
			children = (
				0507EB9224E273F10000BFA0 /* Preview Assets.xcassets */,
			);
			path = "Preview Content";
			sourceTree = "<group>";
		};
		05145F5624AB3A16006A0EFA /* CoreData */ = {
			isa = PBXGroup;
			children = (
				05145FE224AB63D0006A0EFA /* HTEvent.swift */,
				0509E2D924AC6BE300B05842 /* HTCoreDataManager.swift */,
				05FC772024AD8FA900F68588 /* HTEventsModel.xcdatamodeld */,
			);
			path = CoreData;
			sourceTree = "<group>";
		};
		051CEC5D24A35024004B4CDA /* Util */ = {
			isa = PBXGroup;
			children = (
				052E1BA524C9333500B55B5D /* HTUIExtension.swift */,
				0509E2E224AC886C00B05842 /* HTDateTool.swift */,
				05EA09BE24DD6AA5002CDB34 /* HTStringTool.swift */,
			);
			path = Util;
			sourceTree = "<group>";
		};
		055BBF3124A1D861003DD601 = {
			isa = PBXGroup;
			children = (
				055BBF3624A1D861003DD601 /* Shared */,
				055BBF4024A1D862003DD601 /* iOS */,
				055BBF4724A1D862003DD601 /* macOS */,
				0507EB7324E273EE0000BFA0 /* watchOS WatchKit App */,
				0507EB8224E273F00000BFA0 /* watchOS WatchKit Extension */,
				055BBF3F24A1D862003DD601 /* Products */,
				05AA3BAB24C82DDE00B71ED3 /* Frameworks */,
			);
			sourceTree = "<group>";
			usesTabs = 0;
		};
		055BBF3624A1D861003DD601 /* Shared */ = {
			isa = PBXGroup;
			children = (
				055BBF3724A1D861003DD601 /* HTApp.swift */,
				05EA09B124DD4D1F002CDB34 /* Views */,
				05EFD80924DD46480089A1CF /* Model */,
				0505437224D422FE001BEBFC /* ViewWrappers */,
				051CEC5D24A35024004B4CDA /* Util */,
				05B8893224C053F5000ABA7C /* Service */,
				05B7226524EA6D2A0091D9E9 /* Monitor */,
				056932CA24AA136500A78E5D /* Resource */,
			);
			path = Shared;
			sourceTree = "<group>";
		};
		055BBF3F24A1D862003DD601 /* Products */ = {
			isa = PBXGroup;
			children = (
				055BBF3E24A1D862003DD601 /* HistoryToday.app */,
				055BBF4624A1D862003DD601 /* HistoryToday.app */,
				0507EB6C24E273EE0000BFA0 /* watchOS.app */,
				0507EB6F24E273EE0000BFA0 /* watchOS WatchKit App.app */,
				0507EB7E24E273F00000BFA0 /* watchOS WatchKit Extension.appex */,
			);
			name = Products;
			sourceTree = "<group>";
		};
		055BBF4024A1D862003DD601 /* iOS */ = {
			isa = PBXGroup;
			children = (
				055BBF4124A1D862003DD601 /* Info.plist */,
			);
			path = iOS;
			sourceTree = "<group>";
		};
		055BBF4724A1D862003DD601 /* macOS */ = {
			isa = PBXGroup;
			children = (
				055BBF4824A1D862003DD601 /* Info.plist */,
				055BBF4924A1D862003DD601 /* macOS.entitlements */,
			);
			path = macOS;
			sourceTree = "<group>";
		};
		056932CA24AA136500A78E5D /* Resource */ = {
			isa = PBXGroup;
			children = (
				05A247C824D8FFA800352541 /* HTEventTest.json */,
				055BBF3924A1D862003DD601 /* Assets.xcassets */,
				05E1CF6224E050D900081C83 /* FZKaiTi.ttf */,
			);
			path = Resource;
			sourceTree = "<group>";
		};
		05AA3BAB24C82DDE00B71ED3 /* Frameworks */ = {
			isa = PBXGroup;
			children = (
			);
			name = Frameworks;
			sourceTree = "<group>";
		};
		05B7226524EA6D2A0091D9E9 /* Monitor */ = {
			isa = PBXGroup;
			children = (
				05B7226624EA6D410091D9E9 /* HTFPSLabel.swift */,
			);
			path = Monitor;
			sourceTree = "<group>";
		};
		05B8893224C053F5000ABA7C /* Service */ = {
			isa = PBXGroup;
			children = (
				05B8893324C072EF000ABA7C /* HTEventReqService.swift */,
			);
			path = Service;
			sourceTree = "<group>";
		};
		05EA09B124DD4D1F002CDB34 /* Views */ = {
			isa = PBXGroup;
			children = (
				05EA09B224DD4D1F002CDB34 /* HTCardView.swift */,
				05EA09B324DD4D1F002CDB34 /* HTCardListView.swift */,
				05EA09B424DD4D1F002CDB34 /* HTMainView.swift */,
				05B7227024EAA8050091D9E9 /* HTStatusView.swift */,
			);
			name = Views;
			path = Shared/Views;
			sourceTree = SOURCE_ROOT;
		};
		05EFD80924DD46480089A1CF /* Model */ = {
			isa = PBXGroup;
			children = (
				05145F5624AB3A16006A0EFA /* CoreData */,
				0526275F24C5BAE900EFE562 /* HTEventViewModel.swift */,
			);
			path = Model;
			sourceTree = "<group>";
		};
/* End PBXGroup section */

/* Begin PBXNativeTarget section */
		0507EB6B24E273EE0000BFA0 /* watchOS */ = {
			isa = PBXNativeTarget;
			buildConfigurationList = 0507EB9E24E273F10000BFA0 /* Build configuration list for PBXNativeTarget "watchOS" */;
			buildPhases = (
				0507EB6A24E273EE0000BFA0 /* Resources */,
				0507EB9D24E273F10000BFA0 /* Embed Watch Content */,
			);
			buildRules = (
			);
			dependencies = (
				0507EB7224E273EE0000BFA0 /* PBXTargetDependency */,
			);
			name = watchOS;
			productName = watchOS;
			productReference = 0507EB6C24E273EE0000BFA0 /* watchOS.app */;
			productType = "com.apple.product-type.application.watchapp2-container";
		};
		0507EB6E24E273EE0000BFA0 /* watchOS WatchKit App */ = {
			isa = PBXNativeTarget;
			buildConfigurationList = 0507EB9A24E273F10000BFA0 /* Build configuration list for PBXNativeTarget "watchOS WatchKit App" */;
			buildPhases = (
				0507EB6D24E273EE0000BFA0 /* Resources */,
				0507EB9924E273F10000BFA0 /* Embed App Extensions */,
			);
			buildRules = (
			);
			dependencies = (
				0507EB8124E273F00000BFA0 /* PBXTargetDependency */,
			);
			name = "watchOS WatchKit App";
			productName = "watchOS WatchKit App";
			productReference = 0507EB6F24E273EE0000BFA0 /* watchOS WatchKit App.app */;
			productType = "com.apple.product-type.application.watchapp2";
		};
		0507EB7D24E273F00000BFA0 /* watchOS WatchKit Extension */ = {
			isa = PBXNativeTarget;
			buildConfigurationList = 0507EB9624E273F10000BFA0 /* Build configuration list for PBXNativeTarget "watchOS WatchKit Extension" */;
			buildPhases = (
				0507EB7A24E273F00000BFA0 /* Sources */,
				0507EB7B24E273F00000BFA0 /* Frameworks */,
				0507EB7C24E273F00000BFA0 /* Resources */,
			);
			buildRules = (
			);
			dependencies = (
			);
			name = "watchOS WatchKit Extension";
			productName = "watchOS WatchKit Extension";
			productReference = 0507EB7E24E273F00000BFA0 /* watchOS WatchKit Extension.appex */;
			productType = "com.apple.product-type.watchkit2-extension";
		};
		055BBF3D24A1D862003DD601 /* iOS */ = {
			isa = PBXNativeTarget;
			buildConfigurationList = 055BBF6824A1D862003DD601 /* Build configuration list for PBXNativeTarget "iOS" */;
			buildPhases = (
				055BBF3A24A1D862003DD601 /* Sources */,
				055BBF3B24A1D862003DD601 /* Frameworks */,
				055BBF3C24A1D862003DD601 /* Resources */,
			);
			buildRules = (
			);
			dependencies = (
			);
			name = iOS;
			packageProductDependencies = (
				05FC774A24AE03ED00F68588 /* SwiftyJSON */,
				05FC774D24AE04F300F68588 /* KingfisherSwiftUI */,
			);
			productName = iOS;
			productReference = 055BBF3E24A1D862003DD601 /* HistoryToday.app */;
			productType = "com.apple.product-type.application";
		};
		055BBF4524A1D862003DD601 /* macOS */ = {
			isa = PBXNativeTarget;
			buildConfigurationList = 055BBF6B24A1D862003DD601 /* Build configuration list for PBXNativeTarget "macOS" */;
			buildPhases = (
				055BBF4224A1D862003DD601 /* Sources */,
				055BBF4324A1D862003DD601 /* Frameworks */,
				055BBF4424A1D862003DD601 /* Resources */,
			);
			buildRules = (
			);
			dependencies = (
			);
			name = macOS;
			packageProductDependencies = (
				05AA3BAC24C82DDE00B71ED3 /* SwiftyJSON */,
				0507EB6724E272E70000BFA0 /* KingfisherSwiftUI */,
			);
			productName = macOS;
			productReference = 055BBF4624A1D862003DD601 /* HistoryToday.app */;
			productType = "com.apple.product-type.application";
		};
/* End PBXNativeTarget section */

/* Begin PBXProject section */
		055BBF3224A1D861003DD601 /* Project object */ = {
			isa = PBXProject;
			attributes = {
				CLASSPREFIX = HT;
				LastSwiftUpdateCheck = 1200;
				LastUpgradeCheck = 1200;
				ORGANIZATIONNAME = yuqingyuan;
				TargetAttributes = {
					0507EB6B24E273EE0000BFA0 = {
						CreatedOnToolsVersion = 12.0;
					};
					0507EB6E24E273EE0000BFA0 = {
						CreatedOnToolsVersion = 12.0;
					};
					0507EB7D24E273F00000BFA0 = {
						CreatedOnToolsVersion = 12.0;
					};
					055BBF3D24A1D862003DD601 = {
						CreatedOnToolsVersion = 12.0;
						LastSwiftMigration = 1200;
					};
					055BBF4524A1D862003DD601 = {
						CreatedOnToolsVersion = 12.0;
						LastSwiftMigration = 1200;
					};
				};
			};
			buildConfigurationList = 055BBF3524A1D861003DD601 /* Build configuration list for PBXProject "HistoryToday" */;
			compatibilityVersion = "Xcode 9.3";
			developmentRegion = en;
			hasScannedForEncodings = 0;
			knownRegions = (
				en,
				Base,
			);
			mainGroup = 055BBF3124A1D861003DD601;
			packageReferences = (
				05FC774924AE03ED00F68588 /* XCRemoteSwiftPackageReference "SwiftyJSON" */,
				05FC774C24AE04F300F68588 /* XCRemoteSwiftPackageReference "Kingfisher" */,
			);
			productRefGroup = 055BBF3F24A1D862003DD601 /* Products */;
			projectDirPath = "";
			projectRoot = "";
			targets = (
				055BBF3D24A1D862003DD601 /* iOS */,
				055BBF4524A1D862003DD601 /* macOS */,
				0507EB6B24E273EE0000BFA0 /* watchOS */,
				0507EB6E24E273EE0000BFA0 /* watchOS WatchKit App */,
				0507EB7D24E273F00000BFA0 /* watchOS WatchKit Extension */,
			);
		};
/* End PBXProject section */

/* Begin PBXResourcesBuildPhase section */
		0507EB6A24E273EE0000BFA0 /* Resources */ = {
			isa = PBXResourcesBuildPhase;
			buildActionMask = 2147483647;
			files = (
			);
			runOnlyForDeploymentPostprocessing = 0;
		};
		0507EB6D24E273EE0000BFA0 /* Resources */ = {
			isa = PBXResourcesBuildPhase;
			buildActionMask = 2147483647;
			files = (
				0507EB7824E273EF0000BFA0 /* Assets.xcassets in Resources */,
				0507EB7624E273EE0000BFA0 /* Interface.storyboard in Resources */,
			);
			runOnlyForDeploymentPostprocessing = 0;
		};
		0507EB7C24E273F00000BFA0 /* Resources */ = {
			isa = PBXResourcesBuildPhase;
			buildActionMask = 2147483647;
			files = (
				0507EB9324E273F10000BFA0 /* Preview Assets.xcassets in Resources */,
				0507EB9024E273F10000BFA0 /* Assets.xcassets in Resources */,
			);
			runOnlyForDeploymentPostprocessing = 0;
		};
		055BBF3C24A1D862003DD601 /* Resources */ = {
			isa = PBXResourcesBuildPhase;
			buildActionMask = 2147483647;
			files = (
				05E1CF6324E050D900081C83 /* FZKaiTi.ttf in Resources */,
				05A247C924D8FFA800352541 /* HTEventTest.json in Resources */,
				055BBF6424A1D862003DD601 /* Assets.xcassets in Resources */,
			);
			runOnlyForDeploymentPostprocessing = 0;
		};
		055BBF4424A1D862003DD601 /* Resources */ = {
			isa = PBXResourcesBuildPhase;
			buildActionMask = 2147483647;
			files = (
				05A247CA24D8FFA800352541 /* HTEventTest.json in Resources */,
				055BBF6524A1D862003DD601 /* Assets.xcassets in Resources */,
			);
			runOnlyForDeploymentPostprocessing = 0;
		};
/* End PBXResourcesBuildPhase section */

/* Begin PBXSourcesBuildPhase section */
		0507EB7A24E273F00000BFA0 /* Sources */ = {
			isa = PBXSourcesBuildPhase;
			buildActionMask = 2147483647;
			files = (
				0507EB8624E273F00000BFA0 /* ContentView.swift in Sources */,
				0507EB8424E273F00000BFA0 /* HostingController.swift in Sources */,
				0507EB8A24E273F00000BFA0 /* NotificationController.swift in Sources */,
				0507EB8824E273F00000BFA0 /* ExtensionDelegate.swift in Sources */,
				0507EB8C24E273F00000BFA0 /* NotificationView.swift in Sources */,
				0507EB8E24E273F00000BFA0 /* ComplicationController.swift in Sources */,
			);
			runOnlyForDeploymentPostprocessing = 0;
		};
		055BBF3A24A1D862003DD601 /* Sources */ = {
			isa = PBXSourcesBuildPhase;
			buildActionMask = 2147483647;
			files = (
				05EA09B524DD4D1F002CDB34 /* HTCardView.swift in Sources */,
				05EA09BC24DD4E56002CDB34 /* HTWKWebView.swift in Sources */,
				05B7227124EAA8050091D9E9 /* HTStatusView.swift in Sources */,
				05EA09B924DD4D1F002CDB34 /* HTMainView.swift in Sources */,
				052E1BA624C9333500B55B5D /* HTUIExtension.swift in Sources */,
				0526276024C5BAE900EFE562 /* HTEventViewModel.swift in Sources */,
				05B7226724EA6D410091D9E9 /* HTFPSLabel.swift in Sources */,
				05B8893424C072EF000ABA7C /* HTEventReqService.swift in Sources */,
				05145FE324AB63D0006A0EFA /* HTEvent.swift in Sources */,
				0509E2E324AC886C00B05842 /* HTDateTool.swift in Sources */,
				05DE071E24D93FAD00F45AE8 /* HTHyperLinkText.swift in Sources */,
				05EA09B724DD4D1F002CDB34 /* HTCardListView.swift in Sources */,
				055BBF6024A1D862003DD601 /* HTApp.swift in Sources */,
				05FC772224AD8FA900F68588 /* HTEventsModel.xcdatamodeld in Sources */,
				05EA09BF24DD6AA5002CDB34 /* HTStringTool.swift in Sources */,
				0509E2DA24AC6BE300B05842 /* HTCoreDataManager.swift in Sources */,
			);
			runOnlyForDeploymentPostprocessing = 0;
		};
		055BBF4224A1D862003DD601 /* Sources */ = {
			isa = PBXSourcesBuildPhase;
			buildActionMask = 2147483647;
			files = (
				0507EB6924E273670000BFA0 /* HTApp.swift in Sources */,
			);
			runOnlyForDeploymentPostprocessing = 0;
		};
/* End PBXSourcesBuildPhase section */

/* Begin PBXTargetDependency section */
		0507EB7224E273EE0000BFA0 /* PBXTargetDependency */ = {
			isa = PBXTargetDependency;
			target = 0507EB6E24E273EE0000BFA0 /* watchOS WatchKit App */;
			targetProxy = 0507EB7124E273EE0000BFA0 /* PBXContainerItemProxy */;
		};
		0507EB8124E273F00000BFA0 /* PBXTargetDependency */ = {
			isa = PBXTargetDependency;
			target = 0507EB7D24E273F00000BFA0 /* watchOS WatchKit Extension */;
			targetProxy = 0507EB8024E273F00000BFA0 /* PBXContainerItemProxy */;
		};
/* End PBXTargetDependency section */

/* Begin PBXVariantGroup section */
		0507EB7424E273EE0000BFA0 /* Interface.storyboard */ = {
			isa = PBXVariantGroup;
			children = (
				0507EB7524E273EE0000BFA0 /* Base */,
			);
			name = Interface.storyboard;
			sourceTree = "<group>";
		};
/* End PBXVariantGroup section */

/* Begin XCBuildConfiguration section */
		0507EB9724E273F10000BFA0 /* Debug */ = {
			isa = XCBuildConfiguration;
			buildSettings = {
				ASSETCATALOG_COMPILER_COMPLICATION_NAME = Complication;
				CODE_SIGN_STYLE = Automatic;
				DEVELOPMENT_ASSET_PATHS = "\"watchOS WatchKit Extension/Preview Content\"";
				DEVELOPMENT_TEAM = 6E5KV5Z7QF;
				ENABLE_PREVIEWS = YES;
				INFOPLIST_FILE = "watchOS WatchKit Extension/Info.plist";
				LD_RUNPATH_SEARCH_PATHS = (
					"$(inherited)",
					"@executable_path/Frameworks",
					"@executable_path/../../Frameworks",
				);
				PRODUCT_BUNDLE_IDENTIFIER = com.qingyuanyu.watchOS.watchkitapp.watchkitextension;
				PRODUCT_NAME = "${TARGET_NAME}";
				SDKROOT = watchos;
				SKIP_INSTALL = YES;
				SWIFT_VERSION = 5.0;
				TARGETED_DEVICE_FAMILY = 4;
				WATCHOS_DEPLOYMENT_TARGET = 7.0;
			};
			name = Debug;
		};
		0507EB9824E273F10000BFA0 /* Release */ = {
			isa = XCBuildConfiguration;
			buildSettings = {
				ASSETCATALOG_COMPILER_COMPLICATION_NAME = Complication;
				CODE_SIGN_STYLE = Automatic;
				DEVELOPMENT_ASSET_PATHS = "\"watchOS WatchKit Extension/Preview Content\"";
				DEVELOPMENT_TEAM = 6E5KV5Z7QF;
				ENABLE_PREVIEWS = YES;
				INFOPLIST_FILE = "watchOS WatchKit Extension/Info.plist";
				LD_RUNPATH_SEARCH_PATHS = (
					"$(inherited)",
					"@executable_path/Frameworks",
					"@executable_path/../../Frameworks",
				);
				PRODUCT_BUNDLE_IDENTIFIER = com.qingyuanyu.watchOS.watchkitapp.watchkitextension;
				PRODUCT_NAME = "${TARGET_NAME}";
				SDKROOT = watchos;
				SKIP_INSTALL = YES;
				SWIFT_VERSION = 5.0;
				TARGETED_DEVICE_FAMILY = 4;
				VALIDATE_PRODUCT = YES;
				WATCHOS_DEPLOYMENT_TARGET = 7.0;
			};
			name = Release;
		};
		0507EB9B24E273F10000BFA0 /* Debug */ = {
			isa = XCBuildConfiguration;
			buildSettings = {
				ALWAYS_EMBED_SWIFT_STANDARD_LIBRARIES = YES;
				ASSETCATALOG_COMPILER_APPICON_NAME = AppIcon;
				ASSETCATALOG_COMPILER_GLOBAL_ACCENT_COLOR_NAME = AccentColor;
				CODE_SIGN_STYLE = Automatic;
				DEVELOPMENT_TEAM = 6E5KV5Z7QF;
				IBSC_MODULE = watchOS_WatchKit_Extension;
				INFOPLIST_FILE = "watchOS WatchKit App/Info.plist";
				PRODUCT_BUNDLE_IDENTIFIER = com.qingyuanyu.watchOS.watchkitapp;
				PRODUCT_NAME = "$(TARGET_NAME)";
				SDKROOT = watchos;
				SKIP_INSTALL = YES;
				SWIFT_VERSION = 5.0;
				TARGETED_DEVICE_FAMILY = 4;
				WATCHOS_DEPLOYMENT_TARGET = 7.0;
			};
			name = Debug;
		};
		0507EB9C24E273F10000BFA0 /* Release */ = {
			isa = XCBuildConfiguration;
			buildSettings = {
				ALWAYS_EMBED_SWIFT_STANDARD_LIBRARIES = YES;
				ASSETCATALOG_COMPILER_APPICON_NAME = AppIcon;
				ASSETCATALOG_COMPILER_GLOBAL_ACCENT_COLOR_NAME = AccentColor;
				CODE_SIGN_STYLE = Automatic;
				DEVELOPMENT_TEAM = 6E5KV5Z7QF;
				IBSC_MODULE = watchOS_WatchKit_Extension;
				INFOPLIST_FILE = "watchOS WatchKit App/Info.plist";
				PRODUCT_BUNDLE_IDENTIFIER = com.qingyuanyu.watchOS.watchkitapp;
				PRODUCT_NAME = "$(TARGET_NAME)";
				SDKROOT = watchos;
				SKIP_INSTALL = YES;
				SWIFT_VERSION = 5.0;
				TARGETED_DEVICE_FAMILY = 4;
				VALIDATE_PRODUCT = YES;
				WATCHOS_DEPLOYMENT_TARGET = 7.0;
			};
			name = Release;
		};
		0507EB9F24E273F10000BFA0 /* Debug */ = {
			isa = XCBuildConfiguration;
			buildSettings = {
				CODE_SIGN_STYLE = Automatic;
				CURRENT_PROJECT_VERSION = 1;
				DEVELOPMENT_TEAM = 6E5KV5Z7QF;
				MARKETING_VERSION = 1.0;
				PRODUCT_BUNDLE_IDENTIFIER = com.qingyuanyu.watchOS;
				PRODUCT_NAME = "$(TARGET_NAME)";
				SDKROOT = iphoneos;
				SWIFT_VERSION = 5.0;
			};
			name = Debug;
		};
		0507EBA024E273F10000BFA0 /* Release */ = {
			isa = XCBuildConfiguration;
			buildSettings = {
				CODE_SIGN_STYLE = Automatic;
				CURRENT_PROJECT_VERSION = 1;
				DEVELOPMENT_TEAM = 6E5KV5Z7QF;
				MARKETING_VERSION = 1.0;
				PRODUCT_BUNDLE_IDENTIFIER = com.qingyuanyu.watchOS;
				PRODUCT_NAME = "$(TARGET_NAME)";
				SDKROOT = iphoneos;
				SWIFT_VERSION = 5.0;
				VALIDATE_PRODUCT = YES;
			};
			name = Release;
		};
		055BBF6624A1D862003DD601 /* Debug */ = {
			isa = XCBuildConfiguration;
			buildSettings = {
				ALWAYS_SEARCH_USER_PATHS = NO;
				CLANG_ANALYZER_NONNULL = YES;
				CLANG_ANALYZER_NUMBER_OBJECT_CONVERSION = YES_AGGRESSIVE;
				CLANG_CXX_LANGUAGE_STANDARD = "gnu++14";
				CLANG_CXX_LIBRARY = "libc++";
				CLANG_ENABLE_MODULES = YES;
				CLANG_ENABLE_OBJC_ARC = YES;
				CLANG_ENABLE_OBJC_WEAK = YES;
				CLANG_WARN_BLOCK_CAPTURE_AUTORELEASING = YES;
				CLANG_WARN_BOOL_CONVERSION = YES;
				CLANG_WARN_COMMA = YES;
				CLANG_WARN_CONSTANT_CONVERSION = YES;
				CLANG_WARN_DEPRECATED_OBJC_IMPLEMENTATIONS = YES;
				CLANG_WARN_DIRECT_OBJC_ISA_USAGE = YES_ERROR;
				CLANG_WARN_DOCUMENTATION_COMMENTS = YES;
				CLANG_WARN_EMPTY_BODY = YES;
				CLANG_WARN_ENUM_CONVERSION = YES;
				CLANG_WARN_INFINITE_RECURSION = YES;
				CLANG_WARN_INT_CONVERSION = YES;
				CLANG_WARN_NON_LITERAL_NULL_CONVERSION = YES;
				CLANG_WARN_OBJC_IMPLICIT_RETAIN_SELF = YES;
				CLANG_WARN_OBJC_LITERAL_CONVERSION = YES;
				CLANG_WARN_OBJC_ROOT_CLASS = YES_ERROR;
				CLANG_WARN_QUOTED_INCLUDE_IN_FRAMEWORK_HEADER = YES;
				CLANG_WARN_RANGE_LOOP_ANALYSIS = YES;
				CLANG_WARN_STRICT_PROTOTYPES = YES;
				CLANG_WARN_SUSPICIOUS_MOVE = YES;
				CLANG_WARN_UNGUARDED_AVAILABILITY = YES_AGGRESSIVE;
				CLANG_WARN_UNREACHABLE_CODE = YES;
				CLANG_WARN__DUPLICATE_METHOD_MATCH = YES;
				COPY_PHASE_STRIP = NO;
				DEBUG_INFORMATION_FORMAT = dwarf;
				ENABLE_STRICT_OBJC_MSGSEND = YES;
				ENABLE_TESTABILITY = YES;
				GCC_C_LANGUAGE_STANDARD = gnu11;
				GCC_DYNAMIC_NO_PIC = NO;
				GCC_NO_COMMON_BLOCKS = YES;
				GCC_OPTIMIZATION_LEVEL = 0;
				GCC_PREPROCESSOR_DEFINITIONS = (
					"DEBUG=1",
					"$(inherited)",
				);
				GCC_WARN_64_TO_32_BIT_CONVERSION = YES;
				GCC_WARN_ABOUT_RETURN_TYPE = YES_ERROR;
				GCC_WARN_UNDECLARED_SELECTOR = YES;
				GCC_WARN_UNINITIALIZED_AUTOS = YES_AGGRESSIVE;
				GCC_WARN_UNUSED_FUNCTION = YES;
				GCC_WARN_UNUSED_VARIABLE = YES;
				IPHONEOS_DEPLOYMENT_TARGET = 14.0;
				MTL_ENABLE_DEBUG_INFO = INCLUDE_SOURCE;
				MTL_FAST_MATH = YES;
				ONLY_ACTIVE_ARCH = YES;
				SWIFT_ACTIVE_COMPILATION_CONDITIONS = DEBUG;
				SWIFT_OPTIMIZATION_LEVEL = "-Onone";
			};
			name = Debug;
		};
		055BBF6724A1D862003DD601 /* Release */ = {
			isa = XCBuildConfiguration;
			buildSettings = {
				ALWAYS_SEARCH_USER_PATHS = NO;
				CLANG_ANALYZER_NONNULL = YES;
				CLANG_ANALYZER_NUMBER_OBJECT_CONVERSION = YES_AGGRESSIVE;
				CLANG_CXX_LANGUAGE_STANDARD = "gnu++14";
				CLANG_CXX_LIBRARY = "libc++";
				CLANG_ENABLE_MODULES = YES;
				CLANG_ENABLE_OBJC_ARC = YES;
				CLANG_ENABLE_OBJC_WEAK = YES;
				CLANG_WARN_BLOCK_CAPTURE_AUTORELEASING = YES;
				CLANG_WARN_BOOL_CONVERSION = YES;
				CLANG_WARN_COMMA = YES;
				CLANG_WARN_CONSTANT_CONVERSION = YES;
				CLANG_WARN_DEPRECATED_OBJC_IMPLEMENTATIONS = YES;
				CLANG_WARN_DIRECT_OBJC_ISA_USAGE = YES_ERROR;
				CLANG_WARN_DOCUMENTATION_COMMENTS = YES;
				CLANG_WARN_EMPTY_BODY = YES;
				CLANG_WARN_ENUM_CONVERSION = YES;
				CLANG_WARN_INFINITE_RECURSION = YES;
				CLANG_WARN_INT_CONVERSION = YES;
				CLANG_WARN_NON_LITERAL_NULL_CONVERSION = YES;
				CLANG_WARN_OBJC_IMPLICIT_RETAIN_SELF = YES;
				CLANG_WARN_OBJC_LITERAL_CONVERSION = YES;
				CLANG_WARN_OBJC_ROOT_CLASS = YES_ERROR;
				CLANG_WARN_QUOTED_INCLUDE_IN_FRAMEWORK_HEADER = YES;
				CLANG_WARN_RANGE_LOOP_ANALYSIS = YES;
				CLANG_WARN_STRICT_PROTOTYPES = YES;
				CLANG_WARN_SUSPICIOUS_MOVE = YES;
				CLANG_WARN_UNGUARDED_AVAILABILITY = YES_AGGRESSIVE;
				CLANG_WARN_UNREACHABLE_CODE = YES;
				CLANG_WARN__DUPLICATE_METHOD_MATCH = YES;
				COPY_PHASE_STRIP = NO;
				DEBUG_INFORMATION_FORMAT = "dwarf-with-dsym";
				ENABLE_NS_ASSERTIONS = NO;
				ENABLE_STRICT_OBJC_MSGSEND = YES;
				GCC_C_LANGUAGE_STANDARD = gnu11;
				GCC_NO_COMMON_BLOCKS = YES;
				GCC_WARN_64_TO_32_BIT_CONVERSION = YES;
				GCC_WARN_ABOUT_RETURN_TYPE = YES_ERROR;
				GCC_WARN_UNDECLARED_SELECTOR = YES;
				GCC_WARN_UNINITIALIZED_AUTOS = YES_AGGRESSIVE;
				GCC_WARN_UNUSED_FUNCTION = YES;
				GCC_WARN_UNUSED_VARIABLE = YES;
				IPHONEOS_DEPLOYMENT_TARGET = 14.0;
				MTL_ENABLE_DEBUG_INFO = NO;
				MTL_FAST_MATH = YES;
				SWIFT_COMPILATION_MODE = wholemodule;
				SWIFT_OPTIMIZATION_LEVEL = "-O";
			};
			name = Release;
		};
		055BBF6924A1D862003DD601 /* Debug */ = {
			isa = XCBuildConfiguration;
			buildSettings = {
				ASSETCATALOG_COMPILER_APPICON_NAME = AppIcon;
				ASSETCATALOG_COMPILER_GLOBAL_ACCENT_COLOR_NAME = AccentColor;
				CLANG_ENABLE_MODULES = YES;
				CODE_SIGN_STYLE = Automatic;
				DEVELOPMENT_TEAM = 6E5KV5Z7QF;
				ENABLE_PREVIEWS = YES;
				INFOPLIST_FILE = iOS/Info.plist;
				IPHONEOS_DEPLOYMENT_TARGET = 14.0;
				LD_RUNPATH_SEARCH_PATHS = (
					"$(inherited)",
					"@executable_path/Frameworks",
				);
				OTHER_LDFLAGS = "";
				PRODUCT_BUNDLE_IDENTIFIER = com.qingyuanyu.HistoryToday;
				PRODUCT_NAME = HistoryToday;
				SDKROOT = iphoneos;
				SWIFT_OBJC_BRIDGING_HEADER = "";
				SWIFT_OPTIMIZATION_LEVEL = "-Onone";
				SWIFT_VERSION = 5.0;
				TARGETED_DEVICE_FAMILY = "1,2";
			};
			name = Debug;
		};
		055BBF6A24A1D862003DD601 /* Release */ = {
			isa = XCBuildConfiguration;
			buildSettings = {
				ASSETCATALOG_COMPILER_APPICON_NAME = AppIcon;
				ASSETCATALOG_COMPILER_GLOBAL_ACCENT_COLOR_NAME = AccentColor;
				CLANG_ENABLE_MODULES = YES;
				CODE_SIGN_STYLE = Automatic;
				DEVELOPMENT_TEAM = 6E5KV5Z7QF;
				ENABLE_PREVIEWS = YES;
				INFOPLIST_FILE = iOS/Info.plist;
				IPHONEOS_DEPLOYMENT_TARGET = 14.0;
				LD_RUNPATH_SEARCH_PATHS = (
					"$(inherited)",
					"@executable_path/Frameworks",
				);
				PRODUCT_BUNDLE_IDENTIFIER = com.qingyuanyu.HistoryToday;
				PRODUCT_NAME = HistoryToday;
				SDKROOT = iphoneos;
				SWIFT_OBJC_BRIDGING_HEADER = "";
				SWIFT_VERSION = 5.0;
				TARGETED_DEVICE_FAMILY = "1,2";
				VALIDATE_PRODUCT = YES;
			};
			name = Release;
		};
		055BBF6C24A1D862003DD601 /* Debug */ = {
			isa = XCBuildConfiguration;
			buildSettings = {
				ASSETCATALOG_COMPILER_APPICON_NAME = AppIcon;
				ASSETCATALOG_COMPILER_GLOBAL_ACCENT_COLOR_NAME = AccentColor;
				CLANG_ENABLE_MODULES = YES;
				CODE_SIGN_ENTITLEMENTS = macOS/macOS.entitlements;
				CODE_SIGN_STYLE = Automatic;
				COMBINE_HIDPI_IMAGES = YES;
				DEVELOPMENT_TEAM = 6E5KV5Z7QF;
				ENABLE_HARDENED_RUNTIME = YES;
				ENABLE_PREVIEWS = YES;
				INFOPLIST_FILE = macOS/Info.plist;
				LD_RUNPATH_SEARCH_PATHS = (
					"$(inherited)",
					"@executable_path/../Frameworks",
				);
				MACOSX_DEPLOYMENT_TARGET = 10.16;
				PRODUCT_BUNDLE_IDENTIFIER = com.qingyuanyu.HistoryToday;
				PRODUCT_NAME = HistoryToday;
				SDKROOT = macosx;
				SWIFT_OBJC_BRIDGING_HEADER = "";
				SWIFT_OPTIMIZATION_LEVEL = "-Onone";
				SWIFT_VERSION = 5.0;
			};
			name = Debug;
		};
		055BBF6D24A1D862003DD601 /* Release */ = {
			isa = XCBuildConfiguration;
			buildSettings = {
				ASSETCATALOG_COMPILER_APPICON_NAME = AppIcon;
				ASSETCATALOG_COMPILER_GLOBAL_ACCENT_COLOR_NAME = AccentColor;
				CLANG_ENABLE_MODULES = YES;
				CODE_SIGN_ENTITLEMENTS = macOS/macOS.entitlements;
				CODE_SIGN_STYLE = Automatic;
				COMBINE_HIDPI_IMAGES = YES;
				DEVELOPMENT_TEAM = 6E5KV5Z7QF;
				ENABLE_HARDENED_RUNTIME = YES;
				ENABLE_PREVIEWS = YES;
				INFOPLIST_FILE = macOS/Info.plist;
				LD_RUNPATH_SEARCH_PATHS = (
					"$(inherited)",
					"@executable_path/../Frameworks",
				);
				MACOSX_DEPLOYMENT_TARGET = 10.16;
				PRODUCT_BUNDLE_IDENTIFIER = com.qingyuanyu.HistoryToday;
				PRODUCT_NAME = HistoryToday;
				SDKROOT = macosx;
				SWIFT_OBJC_BRIDGING_HEADER = "";
				SWIFT_VERSION = 5.0;
			};
			name = Release;
		};
/* End XCBuildConfiguration section */

/* Begin XCConfigurationList section */
		0507EB9624E273F10000BFA0 /* Build configuration list for PBXNativeTarget "watchOS WatchKit Extension" */ = {
			isa = XCConfigurationList;
			buildConfigurations = (
				0507EB9724E273F10000BFA0 /* Debug */,
				0507EB9824E273F10000BFA0 /* Release */,
			);
			defaultConfigurationIsVisible = 0;
			defaultConfigurationName = Release;
		};
		0507EB9A24E273F10000BFA0 /* Build configuration list for PBXNativeTarget "watchOS WatchKit App" */ = {
			isa = XCConfigurationList;
			buildConfigurations = (
				0507EB9B24E273F10000BFA0 /* Debug */,
				0507EB9C24E273F10000BFA0 /* Release */,
			);
			defaultConfigurationIsVisible = 0;
			defaultConfigurationName = Release;
		};
		0507EB9E24E273F10000BFA0 /* Build configuration list for PBXNativeTarget "watchOS" */ = {
			isa = XCConfigurationList;
			buildConfigurations = (
				0507EB9F24E273F10000BFA0 /* Debug */,
				0507EBA024E273F10000BFA0 /* Release */,
			);
			defaultConfigurationIsVisible = 0;
			defaultConfigurationName = Release;
		};
		055BBF3524A1D861003DD601 /* Build configuration list for PBXProject "HistoryToday" */ = {
			isa = XCConfigurationList;
			buildConfigurations = (
				055BBF6624A1D862003DD601 /* Debug */,
				055BBF6724A1D862003DD601 /* Release */,
			);
			defaultConfigurationIsVisible = 0;
			defaultConfigurationName = Release;
		};
		055BBF6824A1D862003DD601 /* Build configuration list for PBXNativeTarget "iOS" */ = {
			isa = XCConfigurationList;
			buildConfigurations = (
				055BBF6924A1D862003DD601 /* Debug */,
				055BBF6A24A1D862003DD601 /* Release */,
			);
			defaultConfigurationIsVisible = 0;
			defaultConfigurationName = Release;
		};
		055BBF6B24A1D862003DD601 /* Build configuration list for PBXNativeTarget "macOS" */ = {
			isa = XCConfigurationList;
			buildConfigurations = (
				055BBF6C24A1D862003DD601 /* Debug */,
				055BBF6D24A1D862003DD601 /* Release */,
			);
			defaultConfigurationIsVisible = 0;
			defaultConfigurationName = Release;
		};
/* End XCConfigurationList section */

/* Begin XCRemoteSwiftPackageReference section */
		05FC774924AE03ED00F68588 /* XCRemoteSwiftPackageReference "SwiftyJSON" */ = {
			isa = XCRemoteSwiftPackageReference;
			repositoryURL = "https://github.com/SwiftyJSON/SwiftyJSON.git";
			requirement = {
				kind = upToNextMajorVersion;
				minimumVersion = 5.0.0;
			};
		};
		05FC774C24AE04F300F68588 /* XCRemoteSwiftPackageReference "Kingfisher" */ = {
			isa = XCRemoteSwiftPackageReference;
			repositoryURL = "https://github.com/onevcat/Kingfisher.git";
			requirement = {
				kind = exactVersion;
				version = 5.14.0;
			};
		};
/* End XCRemoteSwiftPackageReference section */

/* Begin XCSwiftPackageProductDependency section */
		0507EB6724E272E70000BFA0 /* KingfisherSwiftUI */ = {
			isa = XCSwiftPackageProductDependency;
			package = 05FC774C24AE04F300F68588 /* XCRemoteSwiftPackageReference "Kingfisher" */;
			productName = KingfisherSwiftUI;
		};
		05AA3BAC24C82DDE00B71ED3 /* SwiftyJSON */ = {
			isa = XCSwiftPackageProductDependency;
			package = 05FC774924AE03ED00F68588 /* XCRemoteSwiftPackageReference "SwiftyJSON" */;
			productName = SwiftyJSON;
		};
		05FC774A24AE03ED00F68588 /* SwiftyJSON */ = {
			isa = XCSwiftPackageProductDependency;
			package = 05FC774924AE03ED00F68588 /* XCRemoteSwiftPackageReference "SwiftyJSON" */;
			productName = SwiftyJSON;
		};
		05FC774D24AE04F300F68588 /* KingfisherSwiftUI */ = {
			isa = XCSwiftPackageProductDependency;
			package = 05FC774C24AE04F300F68588 /* XCRemoteSwiftPackageReference "Kingfisher" */;
			productName = KingfisherSwiftUI;
		};
/* End XCSwiftPackageProductDependency section */

/* Begin XCVersionGroup section */
		05FC772024AD8FA900F68588 /* HTEventsModel.xcdatamodeld */ = {
			isa = XCVersionGroup;
			children = (
				05FC772124AD8FA900F68588 /* HTEventsModel.xcdatamodel */,
			);
			currentVersion = 05FC772124AD8FA900F68588 /* HTEventsModel.xcdatamodel */;
			path = HTEventsModel.xcdatamodeld;
			sourceTree = "<group>";
			versionGroupType = wrapper.xcdatamodel;
		};
/* End XCVersionGroup section */
	};
	rootObject = 055BBF3224A1D861003DD601 /* Project object */;
}
